
Microsoft Visual Studio Solution File, Format Version 12.00
# Visual Studio Version 16
VisualStudioVersion = 16.0.31624.102
MinimumVisualStudioVersion = 10.0.40219.1
Project("{FAE04EC0-301F-11D3-BF4B-00C04F79EFBC}") = "ProductAPI", "ProductAPI\ProductAPI.csproj", "{E64A1B64-0E71-4760-A2B3-C5BD4B9785FD}"
EndProject
Global
	GlobalSection(SolutionConfigurationPlatforms) = preSolution
		Debug|Any CPU = Debug|Any CPU
		Release|Any CPU = Release|Any CPU
	EndGlobalSection
	GlobalSection(ProjectConfigurationPlatforms) = postSolution
		{E64A1B64-0E71-4760-A2B3-C5BD4B9785FD}.Debug|Any CPU.ActiveCfg = Debug|Any CPU
		{E64A1B64-0E71-4760-A2B3-C5BD4B9785FD}.Debug|Any CPU.Build.0 = Debug|Any CPU
		{E64A1B64-0E71-4760-A2B3-C5BD4B9785FD}.Release|Any CPU.ActiveCfg = Release|Any CPU
		{E64A1B64-0E71-4760-A2B3-C5BD4B9785FD}.Release|Any CPU.Build.0 = Release|Any CPU
	EndGlobalSection
	GlobalSection(SolutionProperties) = preSolution
		HideSolutionNode = FALSE
	EndGlobalSection
	GlobalSection(ExtensibilityGlobals) = postSolution
		SolutionGuid = {BA53FC7F-42C3-4C28-9CAF-4C26CFE4D892}
	EndGlobalSection
EndGlobal
